
Microsoft Visual Studio Solution File, Format Version 12.00
# Visual Studio Version 16
VisualStudioVersion = 16.0.29001.49
MinimumVisualStudioVersion = 10.0.40219.1
Project("{FAE04EC0-301F-11D3-BF4B-00C04F79EFBC}") = "SnackStore.Web", "SnackStore.Web\SnackStore.Web.csproj", "{0176F31A-A7A5-424B-9BD5-861DBD7909D9}"
EndProject
Project("{FAE04EC0-301F-11D3-BF4B-00C04F79EFBC}") = "SnackStore.Core", "SnackStore.Core\SnackStore.Core.csproj", "{A38A7DBC-7FB6-4059-9167-EC6B8C1FF1EF}"
EndProject
Project("{FAE04EC0-301F-11D3-BF4B-00C04F79EFBC}") = "SnackStore.Infrastructure", "SnackStore.Infrastructure\SnackStore.Infrastructure.csproj", "{FFF0873E-19AC-406C-BC4D-836A7FC56E0B}"
EndProject
Global
	GlobalSection(SolutionConfigurationPlatforms) = preSolution
		Debug|Any CPU = Debug|Any CPU
		Release|Any CPU = Release|Any CPU
	EndGlobalSection
	GlobalSection(ProjectConfigurationPlatforms) = postSolution
		{0176F31A-A7A5-424B-9BD5-861DBD7909D9}.Debug|Any CPU.ActiveCfg = Debug|Any CPU
		{0176F31A-A7A5-424B-9BD5-861DBD7909D9}.Debug|Any CPU.Build.0 = Debug|Any CPU
		{0176F31A-A7A5-424B-9BD5-861DBD7909D9}.Release|Any CPU.ActiveCfg = Release|Any CPU
		{0176F31A-A7A5-424B-9BD5-861DBD7909D9}.Release|Any CPU.Build.0 = Release|Any CPU
		{A38A7DBC-7FB6-4059-9167-EC6B8C1FF1EF}.Debug|Any CPU.ActiveCfg = Debug|Any CPU
		{A38A7DBC-7FB6-4059-9167-EC6B8C1FF1EF}.Debug|Any CPU.Build.0 = Debug|Any CPU
		{A38A7DBC-7FB6-4059-9167-EC6B8C1FF1EF}.Release|Any CPU.ActiveCfg = Release|Any CPU
		{A38A7DBC-7FB6-4059-9167-EC6B8C1FF1EF}.Release|Any CPU.Build.0 = Release|Any CPU
		{FFF0873E-19AC-406C-BC4D-836A7FC56E0B}.Debug|Any CPU.ActiveCfg = Debug|Any CPU
		{FFF0873E-19AC-406C-BC4D-836A7FC56E0B}.Debug|Any CPU.Build.0 = Debug|Any CPU
		{FFF0873E-19AC-406C-BC4D-836A7FC56E0B}.Release|Any CPU.ActiveCfg = Release|Any CPU
		{FFF0873E-19AC-406C-BC4D-836A7FC56E0B}.Release|Any CPU.Build.0 = Release|Any CPU
	EndGlobalSection
	GlobalSection(SolutionProperties) = preSolution
		HideSolutionNode = FALSE
	EndGlobalSection
	GlobalSection(ExtensibilityGlobals) = postSolution
		SolutionGuid = {2B13A768-1430-4878-8752-49029C4C5638}
	EndGlobalSection
EndGlobal
